// !$*UTF8*$!
{
	archiveVersion = 1;
	classes = {
	};
	objectVersion = 46;
	objects = {

/* Begin PBXBuildFile section */
		B4879F781E564BFE003B52B0 /* main.cpp in Sources */ = {isa = PBXBuildFile; fileRef = B4879F771E564BFE003B52B0 /* main.cpp */; };
		B4879F7F1E564C59003B52B0 /* Personne.cpp in Sources */ = {isa = PBXBuildFile; fileRef = B4879F7E1E564C59003B52B0 /* Personne.cpp */; };
		B4879F831E564CEE003B52B0 /* Date.cpp in Sources */ = {isa = PBXBuildFile; fileRef = B4879F821E564CEE003B52B0 /* Date.cpp */; };
		B4879F861E564D4F003B52B0 /* ContratException.cpp in Sources */ = {isa = PBXBuildFile; fileRef = B4879F841E564D4F003B52B0 /* ContratException.cpp */; };
		B4879F891E57B990003B52B0 /* validerFormat.cpp in Sources */ = {isa = PBXBuildFile; fileRef = B4879F871E57B990003B52B0 /* validerFormat.cpp */; };
/* End PBXBuildFile section */

/* Begin PBXCopyFilesBuildPhase section */
		B4879F721E564BFD003B52B0 /* CopyFiles */ = {
			isa = PBXCopyFilesBuildPhase;
			buildActionMask = 2147483647;
			dstPath = /usr/share/man/man1/;
			dstSubfolderSpec = 0;
			files = (
			);
			runOnlyForDeploymentPostprocessing = 1;
		};
/* End PBXCopyFilesBuildPhase section */

/* Begin PBXFileReference section */
		B4879F741E564BFE003B52B0 /* TP2 */ = {isa = PBXFileReference; explicitFileType = "compiled.mach-o.executable"; includeInIndex = 0; path = TP2; sourceTree = BUILT_PRODUCTS_DIR; };
		B4879F771E564BFE003B52B0 /* main.cpp */ = {isa = PBXFileReference; lastKnownFileType = sourcecode.cpp.cpp; path = main.cpp; sourceTree = "<group>"; };
		B4879F7E1E564C59003B52B0 /* Personne.cpp */ = {isa = PBXFileReference; fileEncoding = 4; lastKnownFileType = sourcecode.cpp.cpp; path = Personne.cpp; sourceTree = "<group>"; };
		B4879F801E564C68003B52B0 /* Personne.h */ = {isa = PBXFileReference; lastKnownFileType = sourcecode.c.h; path = Personne.h; sourceTree = "<group>"; };
		B4879F811E564CE7003B52B0 /* Date.h */ = {isa = PBXFileReference; fileEncoding = 4; lastKnownFileType = sourcecode.c.h; path = Date.h; sourceTree = "<group>"; };
		B4879F821E564CEE003B52B0 /* Date.cpp */ = {isa = PBXFileReference; fileEncoding = 4; lastKnownFileType = sourcecode.cpp.cpp; path = Date.cpp; sourceTree = "<group>"; };
		B4879F841E564D4F003B52B0 /* ContratException.cpp */ = {isa = PBXFileReference; fileEncoding = 4; lastKnownFileType = sourcecode.cpp.cpp; path = ContratException.cpp; sourceTree = "<group>"; };
		B4879F851E564D4F003B52B0 /* ContratException.h */ = {isa = PBXFileReference; fileEncoding = 4; lastKnownFileType = sourcecode.c.h; path = ContratException.h; sourceTree = "<group>"; };
		B4879F871E57B990003B52B0 /* validerFormat.cpp */ = {isa = PBXFileReference; fileEncoding = 4; lastKnownFileType = sourcecode.cpp.cpp; path = validerFormat.cpp; sourceTree = "<group>"; };
		B4879F881E57B990003B52B0 /* validerFormat.h */ = {isa = PBXFileReference; fileEncoding = 4; lastKnownFileType = sourcecode.c.h; path = validerFormat.h; sourceTree = "<group>"; };
/* End PBXFileReference section */

/* Begin PBXFrameworksBuildPhase section */
		B4879F711E564BFD003B52B0 /* Frameworks */ = {
			isa = PBXFrameworksBuildPhase;
			buildActionMask = 2147483647;
			files = (
			);
			runOnlyForDeploymentPostprocessing = 0;
		};
/* End PBXFrameworksBuildPhase section */

/* Begin PBXGroup section */
		B4879F6B1E564BFD003B52B0 = {
			isa = PBXGroup;
			children = (
				B4879F761E564BFE003B52B0 /* TP2 */,
				B4879F751E564BFE003B52B0 /* Products */,
			);
			sourceTree = "<group>";
		};
		B4879F751E564BFE003B52B0 /* Products */ = {
			isa = PBXGroup;
			children = (
				B4879F741E564BFE003B52B0 /* TP2 */,
			);
			name = Products;
			sourceTree = "<group>";
		};
		B4879F761E564BFE003B52B0 /* TP2 */ = {
			isa = PBXGroup;
			children = (
				B4879F771E564BFE003B52B0 /* main.cpp */,
				B4879F821E564CEE003B52B0 /* Date.cpp */,
				B4879F811E564CE7003B52B0 /* Date.h */,
				B4879F841E564D4F003B52B0 /* ContratException.cpp */,
				B4879F851E564D4F003B52B0 /* ContratException.h */,
				B4879F7E1E564C59003B52B0 /* Personne.cpp */,
				B4879F871E57B990003B52B0 /* validerFormat.cpp */,
				B4879F881E57B990003B52B0 /* validerFormat.h */,
				B4879F801E564C68003B52B0 /* Personne.h */,
			);
			path = TP2;
			sourceTree = "<group>";
		};
/* End PBXGroup section */

/* Begin PBXNativeTarget section */
		B4879F731E564BFD003B52B0 /* TP2 */ = {
			isa = PBXNativeTarget;
			buildConfigurationList = B4879F7B1E564BFE003B52B0 /* Build configuration list for PBXNativeTarget "TP2" */;
			buildPhases = (
				B4879F701E564BFD003B52B0 /* Sources */,
				B4879F711E564BFD003B52B0 /* Frameworks */,
				B4879F721E564BFD003B52B0 /* CopyFiles */,
			);
			buildRules = (
			);
			dependencies = (
			);
			name = TP2;
			productName = TP2;
			productReference = B4879F741E564BFE003B52B0 /* TP2 */;
			productType = "com.apple.product-type.tool";
		};
/* End PBXNativeTarget section */

/* Begin PBXProject section */
		B4879F6C1E564BFD003B52B0 /* Project object */ = {
			isa = PBXProject;
			attributes = {
				LastUpgradeCheck = 0820;
				ORGANIZATIONNAME = "Édouard Carré";
				TargetAttributes = {
					B4879F731E564BFD003B52B0 = {
						CreatedOnToolsVersion = 8.2.1;
						ProvisioningStyle = Automatic;
					};
				};
			};
			buildConfigurationList = B4879F6F1E564BFD003B52B0 /* Build configuration list for PBXProject "TP2" */;
			compatibilityVersion = "Xcode 3.2";
			developmentRegion = English;
			hasScannedForEncodings = 0;
			knownRegions = (
				en,
			);
			mainGroup = B4879F6B1E564BFD003B52B0;
			productRefGroup = B4879F751E564BFE003B52B0 /* Products */;
			projectDirPath = "";
			projectRoot = "";
			targets = (
				B4879F731E564BFD003B52B0 /* TP2 */,
			);
		};
/* End PBXProject section */

/* Begin PBXSourcesBuildPhase section */
		B4879F701E564BFD003B52B0 /* Sources */ = {
			isa = PBXSourcesBuildPhase;
			buildActionMask = 2147483647;
			files = (
				B4879F891E57B990003B52B0 /* validerFormat.cpp in Sources */,
				B4879F831E564CEE003B52B0 /* Date.cpp in Sources */,
				B4879F781E564BFE003B52B0 /* main.cpp in Sources */,
				B4879F7F1E564C59003B52B0 /* Personne.cpp in Sources */,
				B4879F861E564D4F003B52B0 /* ContratException.cpp in Sources */,
			);
			runOnlyForDeploymentPostprocessing = 0;
		};
/* End PBXSourcesBuildPhase section */

/* Begin XCBuildConfiguration section */
		B4879F791E564BFE003B52B0 /* Debug */ = {
			isa = XCBuildConfiguration;
			buildSettings = {
				ALWAYS_SEARCH_USER_PATHS = NO;
				CLANG_ANALYZER_NONNULL = YES;
				CLANG_CXX_LANGUAGE_STANDARD = "gnu++0x";
				CLANG_CXX_LIBRARY = "libc++";
				CLANG_ENABLE_MODULES = YES;
				CLANG_ENABLE_OBJC_ARC = YES;
				CLANG_WARN_BOOL_CONVERSION = YES;
				CLANG_WARN_CONSTANT_CONVERSION = YES;
				CLANG_WARN_DIRECT_OBJC_ISA_USAGE = YES_ERROR;
				CLANG_WARN_DOCUMENTATION_COMMENTS = YES;
				CLANG_WARN_EMPTY_BODY = YES;
				CLANG_WARN_ENUM_CONVERSION = YES;
				CLANG_WARN_INFINITE_RECURSION = YES;
				CLANG_WARN_INT_CONVERSION = YES;
				CLANG_WARN_OBJC_ROOT_CLASS = YES_ERROR;
				CLANG_WARN_SUSPICIOUS_MOVE = YES;
				CLANG_WARN_UNREACHABLE_CODE = YES;
				CLANG_WARN__DUPLICATE_METHOD_MATCH = YES;
				CODE_SIGN_IDENTITY = "-";
				COPY_PHASE_STRIP = NO;
				DEBUG_INFORMATION_FORMAT = dwarf;
				ENABLE_STRICT_OBJC_MSGSEND = YES;
				ENABLE_TESTABILITY = YES;
				GCC_C_LANGUAGE_STANDARD = gnu99;
				GCC_DYNAMIC_NO_PIC = NO;
				GCC_NO_COMMON_BLOCKS = YES;
				GCC_OPTIMIZATION_LEVEL = 0;
				GCC_PREPROCESSOR_DEFINITIONS = (
					"DEBUG=1",
					"$(inherited)",
				);
				GCC_WARN_64_TO_32_BIT_CONVERSION = YES;
				GCC_WARN_ABOUT_RETURN_TYPE = YES_ERROR;
				GCC_WARN_UNDECLARED_SELECTOR = YES;
				GCC_WARN_UNINITIALIZED_AUTOS = YES_AGGRESSIVE;
				GCC_WARN_UNUSED_FUNCTION = YES;
				GCC_WARN_UNUSED_VARIABLE = YES;
				MACOSX_DEPLOYMENT_TARGET = 10.12;
				MTL_ENABLE_DEBUG_INFO = YES;
				ONLY_ACTIVE_ARCH = YES;
				SDKROOT = macosx;
			};
			name = Debug;
		};
		B4879F7A1E564BFE003B52B0 /* Release */ = {
			isa = XCBuildConfiguration;
			buildSettings = {
				ALWAYS_SEARCH_USER_PATHS = NO;
				CLANG_ANALYZER_NONNULL = YES;
				CLANG_CXX_LANGUAGE_STANDARD = "gnu++0x";
				CLANG_CXX_LIBRARY = "libc++";
				CLANG_ENABLE_MODULES = YES;
				CLANG_ENABLE_OBJC_ARC = YES;
				CLANG_WARN_BOOL_CONVERSION = YES;
				CLANG_WARN_CONSTANT_CONVERSION = YES;
				CLANG_WARN_DIRECT_OBJC_ISA_USAGE = YES_ERROR;
				CLANG_WARN_DOCUMENTATION_COMMENTS = YES;
				CLANG_WARN_EMPTY_BODY = YES;
				CLANG_WARN_ENUM_CONVERSION = YES;
				CLANG_WARN_INFINITE_RECURSION = YES;
				CLANG_WARN_INT_CONVERSION = YES;
				CLANG_WARN_OBJC_ROOT_CLASS = YES_ERROR;
				CLANG_WARN_SUSPICIOUS_MOVE = YES;
				CLANG_WARN_UNREACHABLE_CODE = YES;
				CLANG_WARN__DUPLICATE_METHOD_MATCH = YES;
				CODE_SIGN_IDENTITY = "-";
				COPY_PHASE_STRIP = NO;
				DEBUG_INFORMATION_FORMAT = "dwarf-with-dsym";
				ENABLE_NS_ASSERTIONS = NO;
				ENABLE_STRICT_OBJC_MSGSEND = YES;
				GCC_C_LANGUAGE_STANDARD = gnu99;
				GCC_NO_COMMON_BLOCKS = YES;
				GCC_WARN_64_TO_32_BIT_CONVERSION = YES;
				GCC_WARN_ABOUT_RETURN_TYPE = YES_ERROR;
				GCC_WARN_UNDECLARED_SELECTOR = YES;
				GCC_WARN_UNINITIALIZED_AUTOS = YES_AGGRESSIVE;
				GCC_WARN_UNUSED_FUNCTION = YES;
				GCC_WARN_UNUSED_VARIABLE = YES;
				MACOSX_DEPLOYMENT_TARGET = 10.12;
				MTL_ENABLE_DEBUG_INFO = NO;
				SDKROOT = macosx;
			};
			name = Release;
		};
		B4879F7C1E564BFE003B52B0 /* Debug */ = {
			isa = XCBuildConfiguration;
			buildSettings = {
				PRODUCT_NAME = "$(TARGET_NAME)";
			};
			name = Debug;
		};
		B4879F7D1E564BFE003B52B0 /* Release */ = {
			isa = XCBuildConfiguration;
			buildSettings = {
				PRODUCT_NAME = "$(TARGET_NAME)";
			};
			name = Release;
		};
/* End XCBuildConfiguration section */

/* Begin XCConfigurationList section */
		B4879F6F1E564BFD003B52B0 /* Build configuration list for PBXProject "TP2" */ = {
			isa = XCConfigurationList;
			buildConfigurations = (
				B4879F791E564BFE003B52B0 /* Debug */,
				B4879F7A1E564BFE003B52B0 /* Release */,
			);
			defaultConfigurationIsVisible = 0;
			defaultConfigurationName = Release;
		};
		B4879F7B1E564BFE003B52B0 /* Build configuration list for PBXNativeTarget "TP2" */ = {
			isa = XCConfigurationList;
			buildConfigurations = (
				B4879F7C1E564BFE003B52B0 /* Debug */,
				B4879F7D1E564BFE003B52B0 /* Release */,
			);
			defaultConfigurationIsVisible = 0;
			defaultConfigurationName = Release;
		};
/* End XCConfigurationList section */
	};
	rootObject = B4879F6C1E564BFD003B52B0 /* Project object */;
}
